
Microsoft Visual Studio Solution File, Format Version 12.00
# Visual Studio Version 17
VisualStudioVersion = 17.8.34525.116
MinimumVisualStudioVersion = 10.0.40219.1
Project("{8BC9CEB8-8B4A-11D0-8D11-00A0C91BC942}") = "Project4110", "Project4110\Project4110.vcxproj", "{461DC9F7-E0F3-49FC-816F-72A8E0BB519B}"
EndProject
Global
	GlobalSection(SolutionConfigurationPlatforms) = preSolution
		Debug|x64 = Debug|x64
		Debug|x86 = Debug|x86
		Release|x64 = Release|x64
		Release|x86 = Release|x86
	EndGlobalSection
	GlobalSection(ProjectConfigurationPlatforms) = postSolution
		{461DC9F7-E0F3-49FC-816F-72A8E0BB519B}.Debug|x64.ActiveCfg = Debug|x64
		{461DC9F7-E0F3-49FC-816F-72A8E0BB519B}.Debug|x64.Build.0 = Debug|x64
		{461DC9F7-E0F3-49FC-816F-72A8E0BB519B}.Debug|x86.ActiveCfg = Debug|Win32
		{461DC9F7-E0F3-49FC-816F-72A8E0BB519B}.Debug|x86.Build.0 = Debug|Win32
		{461DC9F7-E0F3-49FC-816F-72A8E0BB519B}.Release|x64.ActiveCfg = Release|x64
		{461DC9F7-E0F3-49FC-816F-72A8E0BB519B}.Release|x64.Build.0 = Release|x64
		{461DC9F7-E0F3-49FC-816F-72A8E0BB519B}.Release|x86.ActiveCfg = Release|Win32
		{461DC9F7-E0F3-49FC-816F-72A8E0BB519B}.Release|x86.Build.0 = Release|Win32
	EndGlobalSection
	GlobalSection(SolutionProperties) = preSolution
		HideSolutionNode = FALSE
	EndGlobalSection
	GlobalSection(ExtensibilityGlobals) = postSolution
		SolutionGuid = {0CC0D7A6-D91F-4548-830C-2E159F3E3924}
	EndGlobalSection
EndGlobal
