<?xml version="1.0" encoding="utf-8"?>
<Project ToolsVersion="4.0" xmlns="http://schemas.microsoft.com/developer/msbuild/2003">
  <ItemGroup>
    <Filter Include="Source Files">
      <UniqueIdentifier>{4FC737F1-C7A5-4376-A066-2A32D752A2FF}</UniqueIdentifier>
      <Extensions>cpp;c;cc;cxx;c++;cppm;ixx;def;odl;idl;hpj;bat;asm;asmx</Extensions>
    </Filter>
    <Filter Include="Header Files">
      <UniqueIdentifier>{93995380-89BD-4b04-88EB-625FBE52EBFB}</UniqueIdentifier>
      <Extensions>h;hh;hpp;hxx;h++;hm;inl;inc;ipp;xsd</Extensions>
    </Filter>
    <Filter Include="Resource Files">
      <UniqueIdentifier>{67DA6AB6-F800-4c08-8B7A-83BB121AAD01}</UniqueIdentifier>
      <Extensions>rc;ico;cur;bmp;dlg;rc2;rct;bin;rgs;gif;jpg;jpeg;jpe;resx;tiff;tif;png;wav;mfcribbon-ms</Extensions>
    </Filter>
    <Filter Include="Source Files\modules">
      <UniqueIdentifier>{42189c7a-2df5-4222-934b-93cf315da10e}</UniqueIdentifier>
    </Filter>
    <Filter Include="Source Files\handling">
      <UniqueIdentifier>{3f9714ff-d916-4174-99c0-ef11c83538d5}</UniqueIdentifier>
    </Filter>
    <Filter Include="Source Files\assets">
      <UniqueIdentifier>{ba11ea05-80ec-4334-8265-568afc0a05b6}</UniqueIdentifier>
    </Filter>
    <Filter Include="Source Files\handling\utils">
      <UniqueIdentifier>{d4a7f43f-ecae-4f2b-a6ad-cda10194af90}</UniqueIdentifier>
    </Filter>
  </ItemGroup>
  <ItemGroup>
    <ClCompile Include="Source.cpp">
      <Filter>Source Files</Filter>
    </ClCompile>
    <ClCompile Include="QRDetector.cpp">
      <Filter>Source Files\modules</Filter>
    </ClCompile>
    <ClCompile Include="Navigator.cpp">
      <Filter>Source Files\modules</Filter>
    </ClCompile>
    <ClCompile Include="TripManager.cpp">
      <Filter>Source Files\modules</Filter>
    </ClCompile>
    <ClCompile Include="Text2Speech.cpp">
      <Filter>Source Files\modules</Filter>
    </ClCompile>
    <ClCompile Include="UIforVI.cpp">
      <Filter>Source Files\modules</Filter>
    </ClCompile>
    <ClCompile Include="ObstacleHandler.cpp">
      <Filter>Source Files\modules</Filter>
    </ClCompile>
    <ClCompile Include="route.cpp">
      <Filter>Source Files\handling\utils</Filter>
    </ClCompile>
    <ClCompile Include="supp.cpp">
      <Filter>Source Files</Filter>
    </ClCompile>
  </ItemGroup>
  <ItemGroup>
    <ClInclude Include="QRDetector.h">
      <Filter>Header Files</Filter>
    </ClInclude>
    <ClInclude Include="Text2Speech.h">
      <Filter>Header Files</Filter>
    </ClInclude>
    <ClInclude Include="UIforVI.h">
      <Filter>Header Files</Filter>
    </ClInclude>
    <ClInclude Include="ObstacleHandler.h">
      <Filter>Header Files</Filter>
    </ClInclude>
    <ClInclude Include="Graph.h">
      <Filter>Header Files</Filter>
    </ClInclude>
    <ClInclude Include="Navigator.h">
      <Filter>Header Files</Filter>
    </ClInclude>
    <ClInclude Include="TripManager.h">
      <Filter>Header Files</Filter>
    </ClInclude>
    <ClInclude Include="nlohmann\json.hpp">
      <Filter>Header Files</Filter>
    </ClInclude>
    <ClInclude Include="Supp.h">
      <Filter>Header Files</Filter>
    </ClInclude>
  </ItemGroup>
</Project>